
Microsoft Visual Studio Solution File, Format Version 12.00
Project("{FAE04EC0-301F-11D3-BF4B-00C04F79EFBC}") = "MetricsTestFunctionNet6Isolated", "MetricsTestFunctionNet6Isolated\MetricsTestFunctionNet6Isolated.csproj", "{1D32D61D-00CF-46EA-B7A1-6B5BD924FEA4}"
EndProject
Global
	GlobalSection(SolutionConfigurationPlatforms) = preSolution
		Debug|Any CPU = Debug|Any CPU
		Release|Any CPU = Release|Any CPU
	EndGlobalSection
	GlobalSection(ProjectConfigurationPlatforms) = postSolution
		{1D32D61D-00CF-46EA-B7A1-6B5BD924FEA4}.Debug|Any CPU.ActiveCfg = Debug|Any CPU
		{1D32D61D-00CF-46EA-B7A1-6B5BD924FEA4}.Debug|Any CPU.Build.0 = Debug|Any CPU
		{1D32D61D-00CF-46EA-B7A1-6B5BD924FEA4}.Release|Any CPU.ActiveCfg = Release|Any CPU
		{1D32D61D-00CF-46EA-B7A1-6B5BD924FEA4}.Release|Any CPU.Build.0 = Release|Any CPU
	EndGlobalSection
EndGlobal
